// !$*UTF8*$!
{
	archiveVersion = 1;
	classes = {
	};
	objectVersion = 55;
	objects = {

/* Begin PBXBuildFile section */
		A26B61C7289160850055C19D /* DatabaseManager.swift in Sources */ = {isa = PBXBuildFile; fileRef = A26B61C6289160850055C19D /* DatabaseManager.swift */; };
		A26B61C92891787A0055C19D /* GoogleService-Info.plist in Resources */ = {isa = PBXBuildFile; fileRef = A26B61C82891787A0055C19D /* GoogleService-Info.plist */; };
		A2833E0628A7236100A978F1 /* Extension+UIView.swift in Sources */ = {isa = PBXBuildFile; fileRef = A2833E0528A7236100A978F1 /* Extension+UIView.swift */; };
		A2B4392528A135E2003539DC /* StorageManager.swift in Sources */ = {isa = PBXBuildFile; fileRef = A2B4392428A135E2003539DC /* StorageManager.swift */; };
		A2C2D4552894D42D000157AE /* Extension.swift in Sources */ = {isa = PBXBuildFile; fileRef = A2C2D4542894D42D000157AE /* Extension.swift */; };
		A2C2D4572894DBF6000157AE /* ChatViewController.swift in Sources */ = {isa = PBXBuildFile; fileRef = A2C2D4562894DBF6000157AE /* ChatViewController.swift */; };
		A2D0BF702890333400A94F6C /* AppDelegate.swift in Sources */ = {isa = PBXBuildFile; fileRef = A2D0BF6F2890333400A94F6C /* AppDelegate.swift */; };
		A2D0BF722890333400A94F6C /* SceneDelegate.swift in Sources */ = {isa = PBXBuildFile; fileRef = A2D0BF712890333400A94F6C /* SceneDelegate.swift */; };
		A2D0BF742890333400A94F6C /* ConversationsViewController.swift in Sources */ = {isa = PBXBuildFile; fileRef = A2D0BF732890333400A94F6C /* ConversationsViewController.swift */; };
		A2D0BF772890333400A94F6C /* Main.storyboard in Resources */ = {isa = PBXBuildFile; fileRef = A2D0BF752890333400A94F6C /* Main.storyboard */; };
		A2D0BF792890333900A94F6C /* Assets.xcassets in Resources */ = {isa = PBXBuildFile; fileRef = A2D0BF782890333900A94F6C /* Assets.xcassets */; };
		A2D0BF7C2890333900A94F6C /* LaunchScreen.storyboard in Resources */ = {isa = PBXBuildFile; fileRef = A2D0BF7A2890333900A94F6C /* LaunchScreen.storyboard */; };
		A2D0BF8A289036CD00A94F6C /* LoginViewController.swift in Sources */ = {isa = PBXBuildFile; fileRef = A2D0BF89289036CD00A94F6C /* LoginViewController.swift */; };
		A2D0BF8C289036DF00A94F6C /* RegisterViewController.swift in Sources */ = {isa = PBXBuildFile; fileRef = A2D0BF8B289036DF00A94F6C /* RegisterViewController.swift */; };
		A2D0BF8E2890370100A94F6C /* PhotoViewerViewController.swift in Sources */ = {isa = PBXBuildFile; fileRef = A2D0BF8D2890370100A94F6C /* PhotoViewerViewController.swift */; };
		A2D0BF902890371300A94F6C /* VideoPlayerViewController.swift in Sources */ = {isa = PBXBuildFile; fileRef = A2D0BF8F2890371300A94F6C /* VideoPlayerViewController.swift */; };
		A2D0BF922890375C00A94F6C /* NewConversationViewController.swift in Sources */ = {isa = PBXBuildFile; fileRef = A2D0BF912890375C00A94F6C /* NewConversationViewController.swift */; };
		A2D0BF942890377000A94F6C /* ProfileViewController.swift in Sources */ = {isa = PBXBuildFile; fileRef = A2D0BF932890377000A94F6C /* ProfileViewController.swift */; };
		A2D0BF9828903C9F00A94F6C /* TinyConstraints in Frameworks */ = {isa = PBXBuildFile; productRef = A2D0BF9728903C9F00A94F6C /* TinyConstraints */; };
		A2D0BF9B28903F2300A94F6C /* R.generated.swift in Sources */ = {isa = PBXBuildFile; fileRef = A2D0BF9A28903F2300A94F6C /* R.generated.swift */; };
/* End PBXBuildFile section */

/* Begin PBXFileReference section */
		A26B61C6289160850055C19D /* DatabaseManager.swift */ = {isa = PBXFileReference; lastKnownFileType = sourcecode.swift; path = DatabaseManager.swift; sourceTree = "<group>"; };
		A26B61C82891787A0055C19D /* GoogleService-Info.plist */ = {isa = PBXFileReference; fileEncoding = 4; lastKnownFileType = text.plist.xml; path = "GoogleService-Info.plist"; sourceTree = "<group>"; };
		A2833E0528A7236100A978F1 /* Extension+UIView.swift */ = {isa = PBXFileReference; lastKnownFileType = sourcecode.swift; path = "Extension+UIView.swift"; sourceTree = "<group>"; };
		A2B4392428A135E2003539DC /* StorageManager.swift */ = {isa = PBXFileReference; lastKnownFileType = sourcecode.swift; path = StorageManager.swift; sourceTree = "<group>"; };
		A2C2D4542894D42D000157AE /* Extension.swift */ = {isa = PBXFileReference; lastKnownFileType = sourcecode.swift; path = Extension.swift; sourceTree = "<group>"; };
		A2C2D4562894DBF6000157AE /* ChatViewController.swift */ = {isa = PBXFileReference; lastKnownFileType = sourcecode.swift; path = ChatViewController.swift; sourceTree = "<group>"; };
		A2D0BF6C2890333400A94F6C /* Chat.app */ = {isa = PBXFileReference; explicitFileType = wrapper.application; includeInIndex = 0; path = Chat.app; sourceTree = BUILT_PRODUCTS_DIR; };
		A2D0BF6F2890333400A94F6C /* AppDelegate.swift */ = {isa = PBXFileReference; lastKnownFileType = sourcecode.swift; path = AppDelegate.swift; sourceTree = "<group>"; };
		A2D0BF712890333400A94F6C /* SceneDelegate.swift */ = {isa = PBXFileReference; lastKnownFileType = sourcecode.swift; path = SceneDelegate.swift; sourceTree = "<group>"; };
		A2D0BF732890333400A94F6C /* ConversationsViewController.swift */ = {isa = PBXFileReference; lastKnownFileType = sourcecode.swift; path = ConversationsViewController.swift; sourceTree = "<group>"; };
		A2D0BF762890333400A94F6C /* Base */ = {isa = PBXFileReference; lastKnownFileType = file.storyboard; name = Base; path = Base.lproj/Main.storyboard; sourceTree = "<group>"; };
		A2D0BF782890333900A94F6C /* Assets.xcassets */ = {isa = PBXFileReference; lastKnownFileType = folder.assetcatalog; path = Assets.xcassets; sourceTree = "<group>"; };
		A2D0BF7B2890333900A94F6C /* Base */ = {isa = PBXFileReference; lastKnownFileType = file.storyboard; name = Base; path = Base.lproj/LaunchScreen.storyboard; sourceTree = "<group>"; };
		A2D0BF7D2890333900A94F6C /* Info.plist */ = {isa = PBXFileReference; lastKnownFileType = text.plist.xml; path = Info.plist; sourceTree = "<group>"; };
		A2D0BF89289036CD00A94F6C /* LoginViewController.swift */ = {isa = PBXFileReference; lastKnownFileType = sourcecode.swift; path = LoginViewController.swift; sourceTree = "<group>"; };
		A2D0BF8B289036DF00A94F6C /* RegisterViewController.swift */ = {isa = PBXFileReference; lastKnownFileType = sourcecode.swift; path = RegisterViewController.swift; sourceTree = "<group>"; };
		A2D0BF8D2890370100A94F6C /* PhotoViewerViewController.swift */ = {isa = PBXFileReference; lastKnownFileType = sourcecode.swift; path = PhotoViewerViewController.swift; sourceTree = "<group>"; };
		A2D0BF8F2890371300A94F6C /* VideoPlayerViewController.swift */ = {isa = PBXFileReference; lastKnownFileType = sourcecode.swift; path = VideoPlayerViewController.swift; sourceTree = "<group>"; };
		A2D0BF912890375C00A94F6C /* NewConversationViewController.swift */ = {isa = PBXFileReference; lastKnownFileType = sourcecode.swift; path = NewConversationViewController.swift; sourceTree = "<group>"; };
		A2D0BF932890377000A94F6C /* ProfileViewController.swift */ = {isa = PBXFileReference; lastKnownFileType = sourcecode.swift; path = ProfileViewController.swift; sourceTree = "<group>"; };
		A2D0BF9A28903F2300A94F6C /* R.generated.swift */ = {isa = PBXFileReference; fileEncoding = 4; lastKnownFileType = sourcecode.swift; path = R.generated.swift; sourceTree = SOURCE_ROOT; };
/* End PBXFileReference section */

/* Begin PBXFrameworksBuildPhase section */
		A2D0BF692890333400A94F6C /* Frameworks */ = {
			isa = PBXFrameworksBuildPhase;
			buildActionMask = 2147483647;
			files = (
				A2D0BF9828903C9F00A94F6C /* TinyConstraints in Frameworks */,
			);
			runOnlyForDeploymentPostprocessing = 0;
		};
/* End PBXFrameworksBuildPhase section */

/* Begin PBXGroup section */
		5604E15607E40D5A2C0D6708 /* Pods */ = {
			isa = PBXGroup;
			children = (
			);
			path = Pods;
			sourceTree = "<group>";
		};
		A26B61C5289160730055C19D /* Managers */ = {
			isa = PBXGroup;
			children = (
				A26B61C6289160850055C19D /* DatabaseManager.swift */,
				A2B4392428A135E2003539DC /* StorageManager.swift */,
			);
			path = Managers;
			sourceTree = "<group>";
		};
		A2D0BF632890333400A94F6C = {
			isa = PBXGroup;
			children = (
				A2D0BF6E2890333400A94F6C /* Chat */,
				A2D0BF6D2890333400A94F6C /* Products */,
				5604E15607E40D5A2C0D6708 /* Pods */,
			);
			sourceTree = "<group>";
		};
		A2D0BF6D2890333400A94F6C /* Products */ = {
			isa = PBXGroup;
			children = (
				A2D0BF6C2890333400A94F6C /* Chat.app */,
			);
			name = Products;
			sourceTree = "<group>";
		};
		A2D0BF6E2890333400A94F6C /* Chat */ = {
			isa = PBXGroup;
			children = (
				A26B61C82891787A0055C19D /* GoogleService-Info.plist */,
				A26B61C5289160730055C19D /* Managers */,
				A2D0BF87289035A500A94F6C /* Resources */,
				A2D0BF862890359E00A94F6C /* ViewModels */,
				A2D0BF852890359200A94F6C /* Controllers */,
				A2D0BF842890358D00A94F6C /* Views */,
				A2D0BF832890358500A94F6C /* Models */,
				A2D0BF7D2890333900A94F6C /* Info.plist */,
				A2D0BF9A28903F2300A94F6C /* R.generated.swift */,
				A2C2D4542894D42D000157AE /* Extension.swift */,
			);
			path = Chat;
			sourceTree = "<group>";
		};
		A2D0BF832890358500A94F6C /* Models */ = {
			isa = PBXGroup;
			children = (
			);
			path = Models;
			sourceTree = "<group>";
		};
		A2D0BF842890358D00A94F6C /* Views */ = {
			isa = PBXGroup;
			children = (
				A2D0BF88289035C700A94F6C /* Storyboards */,
				A2D0BF782890333900A94F6C /* Assets.xcassets */,
			);
			path = Views;
			sourceTree = "<group>";
		};
		A2D0BF852890359200A94F6C /* Controllers */ = {
			isa = PBXGroup;
			children = (
				A2D0BF732890333400A94F6C /* ConversationsViewController.swift */,
				A2D0BF952890383900A94F6C /* Login */,
				A2D0BF8D2890370100A94F6C /* PhotoViewerViewController.swift */,
				A2D0BF8F2890371300A94F6C /* VideoPlayerViewController.swift */,
				A2D0BF912890375C00A94F6C /* NewConversationViewController.swift */,
				A2D0BF932890377000A94F6C /* ProfileViewController.swift */,
				A2C2D4562894DBF6000157AE /* ChatViewController.swift */,
			);
			path = Controllers;
			sourceTree = "<group>";
		};
		A2D0BF862890359E00A94F6C /* ViewModels */ = {
			isa = PBXGroup;
			children = (
			);
			path = ViewModels;
			sourceTree = "<group>";
		};
		A2D0BF87289035A500A94F6C /* Resources */ = {
			isa = PBXGroup;
			children = (
				A2D0BF6F2890333400A94F6C /* AppDelegate.swift */,
				A2D0BF712890333400A94F6C /* SceneDelegate.swift */,
				A2833E0528A7236100A978F1 /* Extension+UIView.swift */,
			);
			path = Resources;
			sourceTree = "<group>";
		};
		A2D0BF88289035C700A94F6C /* Storyboards */ = {
			isa = PBXGroup;
			children = (
				A2D0BF752890333400A94F6C /* Main.storyboard */,
				A2D0BF7A2890333900A94F6C /* LaunchScreen.storyboard */,
			);
			path = Storyboards;
			sourceTree = "<group>";
		};
		A2D0BF952890383900A94F6C /* Login */ = {
			isa = PBXGroup;
			children = (
				A2D0BF89289036CD00A94F6C /* LoginViewController.swift */,
				A2D0BF8B289036DF00A94F6C /* RegisterViewController.swift */,
			);
			path = Login;
			sourceTree = "<group>";
		};
/* End PBXGroup section */

/* Begin PBXNativeTarget section */
		A2D0BF6B2890333400A94F6C /* Chat */ = {
			isa = PBXNativeTarget;
			buildConfigurationList = A2D0BF802890333900A94F6C /* Build configuration list for PBXNativeTarget "Chat" */;
			buildPhases = (
				A2D0BF9928903EBE00A94F6C /* ShellScript */,
				A2D0BF682890333400A94F6C /* Sources */,
				A2D0BF692890333400A94F6C /* Frameworks */,
				A2D0BF6A2890333400A94F6C /* Resources */,
			);
			buildRules = (
			);
			dependencies = (
			);
			name = Chat;
			packageProductDependencies = (
				A2D0BF9728903C9F00A94F6C /* TinyConstraints */,
			);
			productName = Chat;
			productReference = A2D0BF6C2890333400A94F6C /* Chat.app */;
			productType = "com.apple.product-type.application";
		};
/* End PBXNativeTarget section */

/* Begin PBXProject section */
		A2D0BF642890333400A94F6C /* Project object */ = {
			isa = PBXProject;
			attributes = {
				BuildIndependentTargetsInParallel = 1;
				LastSwiftUpdateCheck = 1340;
				LastUpgradeCheck = 1340;
				TargetAttributes = {
					A2D0BF6B2890333400A94F6C = {
						CreatedOnToolsVersion = 13.4.1;
					};
				};
			};
			buildConfigurationList = A2D0BF672890333400A94F6C /* Build configuration list for PBXProject "Chat" */;
			compatibilityVersion = "Xcode 13.0";
			developmentRegion = en;
			hasScannedForEncodings = 0;
			knownRegions = (
				en,
				Base,
			);
			mainGroup = A2D0BF632890333400A94F6C;
			packageReferences = (
				A2D0BF9628903C9F00A94F6C /* XCRemoteSwiftPackageReference "TinyConstraints.git" */,
			);
			productRefGroup = A2D0BF6D2890333400A94F6C /* Products */;
			projectDirPath = "";
			projectRoot = "";
			targets = (
				A2D0BF6B2890333400A94F6C /* Chat */,
			);
		};
/* End PBXProject section */

/* Begin PBXResourcesBuildPhase section */
		A2D0BF6A2890333400A94F6C /* Resources */ = {
			isa = PBXResourcesBuildPhase;
			buildActionMask = 2147483647;
			files = (
				A2D0BF7C2890333900A94F6C /* LaunchScreen.storyboard in Resources */,
				A2D0BF792890333900A94F6C /* Assets.xcassets in Resources */,
				A2D0BF772890333400A94F6C /* Main.storyboard in Resources */,
				A26B61C92891787A0055C19D /* GoogleService-Info.plist in Resources */,
			);
			runOnlyForDeploymentPostprocessing = 0;
		};
/* End PBXResourcesBuildPhase section */

/* Begin PBXShellScriptBuildPhase section */
		A2D0BF9928903EBE00A94F6C /* ShellScript */ = {
			isa = PBXShellScriptBuildPhase;
			alwaysOutOfDate = 1;
			buildActionMask = 2147483647;
			files = (
			);
			inputFileListPaths = (
			);
			inputPaths = (
			);
			outputFileListPaths = (
			);
			outputPaths = (
				"$SRCROOT/R.generated.swift",
			);
			runOnlyForDeploymentPostprocessing = 0;
			shellPath = /bin/sh;
			shellScript = "\"$PODS_ROOT/R.swift/rswift\" generate \"$SRCROOT/R.generated.swift\"\n";
		};
/* End PBXShellScriptBuildPhase section */

/* Begin PBXSourcesBuildPhase section */
		A2D0BF682890333400A94F6C /* Sources */ = {
			isa = PBXSourcesBuildPhase;
			buildActionMask = 2147483647;
			files = (
				A2D0BF8A289036CD00A94F6C /* LoginViewController.swift in Sources */,
				A26B61C7289160850055C19D /* DatabaseManager.swift in Sources */,
				A2833E0628A7236100A978F1 /* Extension+UIView.swift in Sources */,
				A2D0BF8C289036DF00A94F6C /* RegisterViewController.swift in Sources */,
				A2B4392528A135E2003539DC /* StorageManager.swift in Sources */,
				A2C2D4552894D42D000157AE /* Extension.swift in Sources */,
				A2D0BF922890375C00A94F6C /* NewConversationViewController.swift in Sources */,
				A2D0BF742890333400A94F6C /* ConversationsViewController.swift in Sources */,
				A2D0BF902890371300A94F6C /* VideoPlayerViewController.swift in Sources */,
				A2D0BF702890333400A94F6C /* AppDelegate.swift in Sources */,
				A2D0BF942890377000A94F6C /* ProfileViewController.swift in Sources */,
				A2C2D4572894DBF6000157AE /* ChatViewController.swift in Sources */,
				A2D0BF9B28903F2300A94F6C /* R.generated.swift in Sources */,
				A2D0BF722890333400A94F6C /* SceneDelegate.swift in Sources */,
				A2D0BF8E2890370100A94F6C /* PhotoViewerViewController.swift in Sources */,
			);
			runOnlyForDeploymentPostprocessing = 0;
		};
/* End PBXSourcesBuildPhase section */

/* Begin PBXVariantGroup section */
		A2D0BF752890333400A94F6C /* Main.storyboard */ = {
			isa = PBXVariantGroup;
			children = (
				A2D0BF762890333400A94F6C /* Base */,
			);
			name = Main.storyboard;
			sourceTree = "<group>";
		};
		A2D0BF7A2890333900A94F6C /* LaunchScreen.storyboard */ = {
			isa = PBXVariantGroup;
			children = (
				A2D0BF7B2890333900A94F6C /* Base */,
			);
			name = LaunchScreen.storyboard;
			sourceTree = "<group>";
		};
/* End PBXVariantGroup section */

/* Begin XCBuildConfiguration section */
		A2D0BF7E2890333900A94F6C /* Debug */ = {
			isa = XCBuildConfiguration;
			buildSettings = {
				ALWAYS_SEARCH_USER_PATHS = NO;
				CLANG_ANALYZER_NONNULL = YES;
				CLANG_ANALYZER_NUMBER_OBJECT_CONVERSION = YES_AGGRESSIVE;
				CLANG_CXX_LANGUAGE_STANDARD = "gnu++17";
				CLANG_ENABLE_MODULES = YES;
				CLANG_ENABLE_OBJC_ARC = YES;
				CLANG_ENABLE_OBJC_WEAK = YES;
				CLANG_WARN_BLOCK_CAPTURE_AUTORELEASING = YES;
				CLANG_WARN_BOOL_CONVERSION = YES;
				CLANG_WARN_COMMA = YES;
				CLANG_WARN_CONSTANT_CONVERSION = YES;
				CLANG_WARN_DEPRECATED_OBJC_IMPLEMENTATIONS = YES;
				CLANG_WARN_DIRECT_OBJC_ISA_USAGE = YES_ERROR;
				CLANG_WARN_DOCUMENTATION_COMMENTS = YES;
				CLANG_WARN_EMPTY_BODY = YES;
				CLANG_WARN_ENUM_CONVERSION = YES;
				CLANG_WARN_INFINITE_RECURSION = YES;
				CLANG_WARN_INT_CONVERSION = YES;
				CLANG_WARN_NON_LITERAL_NULL_CONVERSION = YES;
				CLANG_WARN_OBJC_IMPLICIT_RETAIN_SELF = YES;
				CLANG_WARN_OBJC_LITERAL_CONVERSION = YES;
				CLANG_WARN_OBJC_ROOT_CLASS = YES_ERROR;
				CLANG_WARN_QUOTED_INCLUDE_IN_FRAMEWORK_HEADER = YES;
				CLANG_WARN_RANGE_LOOP_ANALYSIS = YES;
				CLANG_WARN_STRICT_PROTOTYPES = YES;
				CLANG_WARN_SUSPICIOUS_MOVE = YES;
				CLANG_WARN_UNGUARDED_AVAILABILITY = YES_AGGRESSIVE;
				CLANG_WARN_UNREACHABLE_CODE = YES;
				CLANG_WARN__DUPLICATE_METHOD_MATCH = YES;
				COPY_PHASE_STRIP = NO;
				DEBUG_INFORMATION_FORMAT = dwarf;
				ENABLE_STRICT_OBJC_MSGSEND = YES;
				ENABLE_TESTABILITY = YES;
				GCC_C_LANGUAGE_STANDARD = gnu11;
				GCC_DYNAMIC_NO_PIC = NO;
				GCC_NO_COMMON_BLOCKS = YES;
				GCC_OPTIMIZATION_LEVEL = 0;
				GCC_PREPROCESSOR_DEFINITIONS = (
					"DEBUG=1",
					"$(inherited)",
				);
				GCC_WARN_64_TO_32_BIT_CONVERSION = YES;
				GCC_WARN_ABOUT_RETURN_TYPE = YES_ERROR;
				GCC_WARN_UNDECLARED_SELECTOR = YES;
				GCC_WARN_UNINITIALIZED_AUTOS = YES_AGGRESSIVE;
				GCC_WARN_UNUSED_FUNCTION = YES;
				GCC_WARN_UNUSED_VARIABLE = YES;
				IPHONEOS_DEPLOYMENT_TARGET = 15.5;
				MTL_ENABLE_DEBUG_INFO = INCLUDE_SOURCE;
				MTL_FAST_MATH = YES;
				ONLY_ACTIVE_ARCH = YES;
				SDKROOT = iphoneos;
				SWIFT_ACTIVE_COMPILATION_CONDITIONS = DEBUG;
				SWIFT_OPTIMIZATION_LEVEL = "-Onone";
			};
			name = Debug;
		};
		A2D0BF7F2890333900A94F6C /* Release */ = {
			isa = XCBuildConfiguration;
			buildSettings = {
				ALWAYS_SEARCH_USER_PATHS = NO;
				CLANG_ANALYZER_NONNULL = YES;
				CLANG_ANALYZER_NUMBER_OBJECT_CONVERSION = YES_AGGRESSIVE;
				CLANG_CXX_LANGUAGE_STANDARD = "gnu++17";
				CLANG_ENABLE_MODULES = YES;
				CLANG_ENABLE_OBJC_ARC = YES;
				CLANG_ENABLE_OBJC_WEAK = YES;
				CLANG_WARN_BLOCK_CAPTURE_AUTORELEASING = YES;
				CLANG_WARN_BOOL_CONVERSION = YES;
				CLANG_WARN_COMMA = YES;
				CLANG_WARN_CONSTANT_CONVERSION = YES;
				CLANG_WARN_DEPRECATED_OBJC_IMPLEMENTATIONS = YES;
				CLANG_WARN_DIRECT_OBJC_ISA_USAGE = YES_ERROR;
				CLANG_WARN_DOCUMENTATION_COMMENTS = YES;
				CLANG_WARN_EMPTY_BODY = YES;
				CLANG_WARN_ENUM_CONVERSION = YES;
				CLANG_WARN_INFINITE_RECURSION = YES;
				CLANG_WARN_INT_CONVERSION = YES;
				CLANG_WARN_NON_LITERAL_NULL_CONVERSION = YES;
				CLANG_WARN_OBJC_IMPLICIT_RETAIN_SELF = YES;
				CLANG_WARN_OBJC_LITERAL_CONVERSION = YES;
				CLANG_WARN_OBJC_ROOT_CLASS = YES_ERROR;
				CLANG_WARN_QUOTED_INCLUDE_IN_FRAMEWORK_HEADER = YES;
				CLANG_WARN_RANGE_LOOP_ANALYSIS = YES;
				CLANG_WARN_STRICT_PROTOTYPES = YES;
				CLANG_WARN_SUSPICIOUS_MOVE = YES;
				CLANG_WARN_UNGUARDED_AVAILABILITY = YES_AGGRESSIVE;
				CLANG_WARN_UNREACHABLE_CODE = YES;
				CLANG_WARN__DUPLICATE_METHOD_MATCH = YES;
				COPY_PHASE_STRIP = NO;
				DEBUG_INFORMATION_FORMAT = "dwarf-with-dsym";
				ENABLE_NS_ASSERTIONS = NO;
				ENABLE_STRICT_OBJC_MSGSEND = YES;
				GCC_C_LANGUAGE_STANDARD = gnu11;
				GCC_NO_COMMON_BLOCKS = YES;
				GCC_WARN_64_TO_32_BIT_CONVERSION = YES;
				GCC_WARN_ABOUT_RETURN_TYPE = YES_ERROR;
				GCC_WARN_UNDECLARED_SELECTOR = YES;
				GCC_WARN_UNINITIALIZED_AUTOS = YES_AGGRESSIVE;
				GCC_WARN_UNUSED_FUNCTION = YES;
				GCC_WARN_UNUSED_VARIABLE = YES;
				IPHONEOS_DEPLOYMENT_TARGET = 15.5;
				MTL_ENABLE_DEBUG_INFO = NO;
				MTL_FAST_MATH = YES;
				SDKROOT = iphoneos;
				SWIFT_COMPILATION_MODE = wholemodule;
				SWIFT_OPTIMIZATION_LEVEL = "-O";
				VALIDATE_PRODUCT = YES;
			};
			name = Release;
		};
		A2D0BF812890333900A94F6C /* Debug */ = {
			isa = XCBuildConfiguration;
			buildSettings = {
				ASSETCATALOG_COMPILER_APPICON_NAME = AppIcon;
				ASSETCATALOG_COMPILER_GLOBAL_ACCENT_COLOR_NAME = AccentColor;
				CODE_SIGN_STYLE = Automatic;
				CURRENT_PROJECT_VERSION = 1;
				DEVELOPMENT_TEAM = FKJRTB74YX;
				GENERATE_INFOPLIST_FILE = YES;
				INFOPLIST_FILE = Chat/Info.plist;
				INFOPLIST_KEY_NSCameraUsageDescription = "Please allow access to Camera";
				INFOPLIST_KEY_NSPhotoLibraryUsageDescription = "Please allow access to Photo Library";
				INFOPLIST_KEY_UIApplicationSupportsIndirectInputEvents = YES;
				INFOPLIST_KEY_UILaunchStoryboardName = LaunchScreen;
				INFOPLIST_KEY_UIMainStoryboardFile = Main;
				INFOPLIST_KEY_UISupportedInterfaceOrientations = UIInterfaceOrientationPortrait;
				INFOPLIST_KEY_UISupportedInterfaceOrientations_iPad = "UIInterfaceOrientationPortrait UIInterfaceOrientationPortraitUpsideDown";
				INFOPLIST_KEY_UISupportedInterfaceOrientations_iPhone = "UIInterfaceOrientationPortrait UIInterfaceOrientationLandscapeLeft UIInterfaceOrientationLandscapeRight";
				IPHONEOS_DEPLOYMENT_TARGET = 13.0;
				LD_RUNPATH_SEARCH_PATHS = (
					"$(inherited)",
					"@executable_path/Frameworks",
				);
				MARKETING_VERSION = 1.0;
				PRODUCT_BUNDLE_IDENTIFIER = dev.mikhaildanilov.Chat;
				PRODUCT_NAME = "$(TARGET_NAME)";
				SWIFT_EMIT_LOC_STRINGS = YES;
				SWIFT_VERSION = 5.0;
				TARGETED_DEVICE_FAMILY = "1,2";
			};
			name = Debug;
		};
		A2D0BF822890333900A94F6C /* Release */ = {
			isa = XCBuildConfiguration;
			buildSettings = {
				ASSETCATALOG_COMPILER_APPICON_NAME = AppIcon;
				ASSETCATALOG_COMPILER_GLOBAL_ACCENT_COLOR_NAME = AccentColor;
				CODE_SIGN_STYLE = Automatic;
				CURRENT_PROJECT_VERSION = 1;
				DEVELOPMENT_TEAM = FKJRTB74YX;
				GENERATE_INFOPLIST_FILE = YES;
				INFOPLIST_FILE = Chat/Info.plist;
				INFOPLIST_KEY_NSCameraUsageDescription = "Please allow access to Camera";
				INFOPLIST_KEY_NSPhotoLibraryUsageDescription = "Please allow access to Photo Library";
				INFOPLIST_KEY_UIApplicationSupportsIndirectInputEvents = YES;
				INFOPLIST_KEY_UILaunchStoryboardName = LaunchScreen;
				INFOPLIST_KEY_UIMainStoryboardFile = Main;
				INFOPLIST_KEY_UISupportedInterfaceOrientations = UIInterfaceOrientationPortrait;
				INFOPLIST_KEY_UISupportedInterfaceOrientations_iPad = "UIInterfaceOrientationPortrait UIInterfaceOrientationPortraitUpsideDown";
				INFOPLIST_KEY_UISupportedInterfaceOrientations_iPhone = "UIInterfaceOrientationPortrait UIInterfaceOrientationLandscapeLeft UIInterfaceOrientationLandscapeRight";
				IPHONEOS_DEPLOYMENT_TARGET = 13.0;
				LD_RUNPATH_SEARCH_PATHS = (
					"$(inherited)",
					"@executable_path/Frameworks",
				);
				MARKETING_VERSION = 1.0;
				PRODUCT_BUNDLE_IDENTIFIER = dev.mikhaildanilov.Chat;
				PRODUCT_NAME = "$(TARGET_NAME)";
				SWIFT_EMIT_LOC_STRINGS = YES;
				SWIFT_VERSION = 5.0;
				TARGETED_DEVICE_FAMILY = "1,2";
			};
			name = Release;
		};
/* End XCBuildConfiguration section */

/* Begin XCConfigurationList section */
		A2D0BF672890333400A94F6C /* Build configuration list for PBXProject "Chat" */ = {
			isa = XCConfigurationList;
			buildConfigurations = (
				A2D0BF7E2890333900A94F6C /* Debug */,
				A2D0BF7F2890333900A94F6C /* Release */,
			);
			defaultConfigurationIsVisible = 0;
			defaultConfigurationName = Release;
		};
		A2D0BF802890333900A94F6C /* Build configuration list for PBXNativeTarget "Chat" */ = {
			isa = XCConfigurationList;
			buildConfigurations = (
				A2D0BF812890333900A94F6C /* Debug */,
				A2D0BF822890333900A94F6C /* Release */,
			);
			defaultConfigurationIsVisible = 0;
			defaultConfigurationName = Release;
		};
/* End XCConfigurationList section */

/* Begin XCRemoteSwiftPackageReference section */
		A2D0BF9628903C9F00A94F6C /* XCRemoteSwiftPackageReference "TinyConstraints.git" */ = {
			isa = XCRemoteSwiftPackageReference;
			repositoryURL = "https://github.com/roberthein/TinyConstraints.git";
			requirement = {
				branch = master;
				kind = branch;
			};
		};
/* End XCRemoteSwiftPackageReference section */

/* Begin XCSwiftPackageProductDependency section */
		A2D0BF9728903C9F00A94F6C /* TinyConstraints */ = {
			isa = XCSwiftPackageProductDependency;
			package = A2D0BF9628903C9F00A94F6C /* XCRemoteSwiftPackageReference "TinyConstraints.git" */;
			productName = TinyConstraints;
		};
/* End XCSwiftPackageProductDependency section */
	};
	rootObject = A2D0BF642890333400A94F6C /* Project object */;
}
